
Microsoft Visual Studio Solution File, Format Version 12.00
# Visual Studio Version 16
VisualStudioVersion = 16.0.30611.23
MinimumVisualStudioVersion = 10.0.40219.1
Project("{FAE04EC0-301F-11D3-BF4B-00C04F79EFBC}") = "PracticeTemplate", "PracticeTemplate\PracticeTemplate.csproj", "{68E02D58-EB11-42EB-86F3-14F35A8BF15E}"
EndProject
Global
	GlobalSection(SolutionConfigurationPlatforms) = preSolution
		Debug|Any CPU = Debug|Any CPU
		Release|Any CPU = Release|Any CPU
	EndGlobalSection
	GlobalSection(ProjectConfigurationPlatforms) = postSolution
		{68E02D58-EB11-42EB-86F3-14F35A8BF15E}.Debug|Any CPU.ActiveCfg = Debug|Any CPU
		{68E02D58-EB11-42EB-86F3-14F35A8BF15E}.Debug|Any CPU.Build.0 = Debug|Any CPU
		{68E02D58-EB11-42EB-86F3-14F35A8BF15E}.Release|Any CPU.ActiveCfg = Release|Any CPU
		{68E02D58-EB11-42EB-86F3-14F35A8BF15E}.Release|Any CPU.Build.0 = Release|Any CPU
	EndGlobalSection
	GlobalSection(SolutionProperties) = preSolution
		HideSolutionNode = FALSE
	EndGlobalSection
	GlobalSection(ExtensibilityGlobals) = postSolution
		SolutionGuid = {A87473B0-FF53-481E-881E-99D0CC521152}
	EndGlobalSection
EndGlobal
